{
  "name": "aws-terraf-new-s3-lockfile-lambda",
  "version": "1.0.0",
  "lockfileVersion": 3,
  "requires": true,
  "packages": {
    "": {
      "name": "aws-terraf-new-s3-lockfile-lambda",
      "version": "1.0.0",
      "devDependencies": {},
      "engines": {
        "node": ">=22.0.0"
      }
    }
  }
}
